
Microsoft Visual Studio Solution File, Format Version 12.00
# Visual Studio Version 17
VisualStudioVersion = 17.10.35013.160
MinimumVisualStudioVersion = 10.0.40219.1
Project("{FAE04EC0-301F-11D3-BF4B-00C04F79EFBC}") = "UnitOfWorkPattern", "UnitOfWorkPattern\UnitOfWorkPattern.csproj", "{2DE20B33-1CB5-40CA-BDF1-42A816BB74BC}"
EndProject
Global
	GlobalSection(SolutionConfigurationPlatforms) = preSolution
		Debug|Any CPU = Debug|Any CPU
		Release|Any CPU = Release|Any CPU
	EndGlobalSection
	GlobalSection(ProjectConfigurationPlatforms) = postSolution
		{2DE20B33-1CB5-40CA-BDF1-42A816BB74BC}.Debug|Any CPU.ActiveCfg = Debug|Any CPU
		{2DE20B33-1CB5-40CA-BDF1-42A816BB74BC}.Debug|Any CPU.Build.0 = Debug|Any CPU
		{2DE20B33-1CB5-40CA-BDF1-42A816BB74BC}.Release|Any CPU.ActiveCfg = Release|Any CPU
		{2DE20B33-1CB5-40CA-BDF1-42A816BB74BC}.Release|Any CPU.Build.0 = Release|Any CPU
	EndGlobalSection
	GlobalSection(SolutionProperties) = preSolution
		HideSolutionNode = FALSE
	EndGlobalSection
	GlobalSection(ExtensibilityGlobals) = postSolution
		SolutionGuid = {A418CE81-4FF2-4AE3-988F-85AAF5C50A7F}
	EndGlobalSection
EndGlobal
